// !$*UTF8*$!
{
	archiveVersion = 1;
	classes = {
	};
	objectVersion = 51;
	objects = {

/* Begin PBXBuildFile section */
		114C84F324CBBCAD003DE253 /* GoogleService-Info.plist in Resources */ = {isa = PBXBuildFile; fileRef = 114C84F224CBBCAD003DE253 /* GoogleService-Info.plist */; };
		114C84F524CC0309003DE253 /* Constants.swift in Sources */ = {isa = PBXBuildFile; fileRef = 114C84F424CC0309003DE253 /* Constants.swift */; };
		114C84F724CC07D2003DE253 /* AuthService.swift in Sources */ = {isa = PBXBuildFile; fileRef = 114C84F624CC07D2003DE253 /* AuthService.swift */; };
		114C84F924CCA039003DE253 /* UserService.swift in Sources */ = {isa = PBXBuildFile; fileRef = 114C84F824CCA039003DE253 /* UserService.swift */; };
		114C84FB24CCA36C003DE253 /* User.swift in Sources */ = {isa = PBXBuildFile; fileRef = 114C84FA24CCA36C003DE253 /* User.swift */; };
		114C84FE24CCBEFE003DE253 /* UploadTweetController.swift in Sources */ = {isa = PBXBuildFile; fileRef = 114C84FD24CCBEFE003DE253 /* UploadTweetController.swift */; };
		114C850024CCE2E9003DE253 /* CaptionTextView.swift in Sources */ = {isa = PBXBuildFile; fileRef = 114C84FF24CCE2E9003DE253 /* CaptionTextView.swift */; };
		114C850224CD5174003DE253 /* TweetService.swift in Sources */ = {isa = PBXBuildFile; fileRef = 114C850124CD5174003DE253 /* TweetService.swift */; };
		114C850424CD57FC003DE253 /* Tweet.swift in Sources */ = {isa = PBXBuildFile; fileRef = 114C850324CD57FC003DE253 /* Tweet.swift */; };
		114C850624CDF8E8003DE253 /* TweetCell.swift in Sources */ = {isa = PBXBuildFile; fileRef = 114C850524CDF8E8003DE253 /* TweetCell.swift */; };
		114C850824CE1347003DE253 /* TweetViewModel.swift in Sources */ = {isa = PBXBuildFile; fileRef = 114C850724CE1347003DE253 /* TweetViewModel.swift */; };
		117EEC3024B683F00063A8B5 /* Extensions.swift in Sources */ = {isa = PBXBuildFile; fileRef = 117EEC2F24B683F00063A8B5 /* Extensions.swift */; };
		117EEC3324B688F80063A8B5 /* LoginController.swift in Sources */ = {isa = PBXBuildFile; fileRef = 117EEC3224B688F80063A8B5 /* LoginController.swift */; };
		117EEC3524B689550063A8B5 /* RegistrationController.swift in Sources */ = {isa = PBXBuildFile; fileRef = 117EEC3424B689550063A8B5 /* RegistrationController.swift */; };
		117EEC3724B6AEFD0063A8B5 /* Utilities.swift in Sources */ = {isa = PBXBuildFile; fileRef = 117EEC3624B6AEFD0063A8B5 /* Utilities.swift */; };
		1192A4F524B1839D00A5626F /* AppDelegate.swift in Sources */ = {isa = PBXBuildFile; fileRef = 1192A4F424B1839D00A5626F /* AppDelegate.swift */; };
		1192A4F724B1839D00A5626F /* SceneDelegate.swift in Sources */ = {isa = PBXBuildFile; fileRef = 1192A4F624B1839D00A5626F /* SceneDelegate.swift */; };
		1192A4FC24B1839D00A5626F /* Main.storyboard in Resources */ = {isa = PBXBuildFile; fileRef = 1192A4FA24B1839D00A5626F /* Main.storyboard */; };
		1192A4FF24B1839D00A5626F /* Twitter_iOS_13.xcdatamodeld in Sources */ = {isa = PBXBuildFile; fileRef = 1192A4FD24B1839D00A5626F /* Twitter_iOS_13.xcdatamodeld */; };
		1192A50424B1839F00A5626F /* LaunchScreen.storyboard in Resources */ = {isa = PBXBuildFile; fileRef = 1192A50224B1839F00A5626F /* LaunchScreen.storyboard */; };
		1192A51124B1853E00A5626F /* MainTabController.swift in Sources */ = {isa = PBXBuildFile; fileRef = 1192A51024B1853E00A5626F /* MainTabController.swift */; };
		1192A51924B1AD7E00A5626F /* FeedController.swift in Sources */ = {isa = PBXBuildFile; fileRef = 1192A51824B1AD7E00A5626F /* FeedController.swift */; };
		1192A51B24B1ADB200A5626F /* ExploreController.swift in Sources */ = {isa = PBXBuildFile; fileRef = 1192A51A24B1ADB200A5626F /* ExploreController.swift */; };
		1192A51D24B1ADBB00A5626F /* NotificationsController.swift in Sources */ = {isa = PBXBuildFile; fileRef = 1192A51C24B1ADBB00A5626F /* NotificationsController.swift */; };
		1192A51F24B1ADCE00A5626F /* ConversationsController.swift in Sources */ = {isa = PBXBuildFile; fileRef = 1192A51E24B1ADCE00A5626F /* ConversationsController.swift */; };
		1192A52124B1AEE100A5626F /* Assets.xcassets in Resources */ = {isa = PBXBuildFile; fileRef = 1192A52024B1AEE100A5626F /* Assets.xcassets */; };
		11A5ECB124CE3F9200C41A3C /* ProfileController.swift in Sources */ = {isa = PBXBuildFile; fileRef = 11A5ECB024CE3F9200C41A3C /* ProfileController.swift */; };
		11A5ECB324CE97A900C41A3C /* ProfileHeader.swift in Sources */ = {isa = PBXBuildFile; fileRef = 11A5ECB224CE97A900C41A3C /* ProfileHeader.swift */; };
		11A5ECB524CF6C0C00C41A3C /* ProfileFilterView.swift in Sources */ = {isa = PBXBuildFile; fileRef = 11A5ECB424CF6C0C00C41A3C /* ProfileFilterView.swift */; };
		11A5ECB724CF6EF200C41A3C /* ProfileFilterCell.swift in Sources */ = {isa = PBXBuildFile; fileRef = 11A5ECB624CF6EF200C41A3C /* ProfileFilterCell.swift */; };
		11A5ECB924CF7E9F00C41A3C /* ProfileHeaderViewModel.swift in Sources */ = {isa = PBXBuildFile; fileRef = 11A5ECB824CF7E9F00C41A3C /* ProfileHeaderViewModel.swift */; };
		11A5ECEC24D0BF9E00C41A3C /* UserCell.swift in Sources */ = {isa = PBXBuildFile; fileRef = 11A5ECEB24D0BF9E00C41A3C /* UserCell.swift */; };
		11A5ECF024D1EA1300C41A3C /* TweetController.swift in Sources */ = {isa = PBXBuildFile; fileRef = 11A5ECEF24D1EA1300C41A3C /* TweetController.swift */; };
		11A5ECF224D1EBB000C41A3C /* TweetHeader.swift in Sources */ = {isa = PBXBuildFile; fileRef = 11A5ECF124D1EBB000C41A3C /* TweetHeader.swift */; };
		11A5ECF424D24D6100C41A3C /* UploadTweetViewModel.swift in Sources */ = {isa = PBXBuildFile; fileRef = 11A5ECF324D24D6100C41A3C /* UploadTweetViewModel.swift */; };
		36D1CCCAA7631C0103B5C19F /* Pods_Twitter_iOS_13.framework in Frameworks */ = {isa = PBXBuildFile; fileRef = B8494C8DEE7B365A29F66D08 /* Pods_Twitter_iOS_13.framework */; };
/* End PBXBuildFile section */

/* Begin PBXFileReference section */
		114C84F224CBBCAD003DE253 /* GoogleService-Info.plist */ = {isa = PBXFileReference; fileEncoding = 4; lastKnownFileType = text.plist.xml; path = "GoogleService-Info.plist"; sourceTree = "<group>"; };
		114C84F424CC0309003DE253 /* Constants.swift */ = {isa = PBXFileReference; lastKnownFileType = sourcecode.swift; path = Constants.swift; sourceTree = "<group>"; };
		114C84F624CC07D2003DE253 /* AuthService.swift */ = {isa = PBXFileReference; lastKnownFileType = sourcecode.swift; path = AuthService.swift; sourceTree = "<group>"; };
		114C84F824CCA039003DE253 /* UserService.swift */ = {isa = PBXFileReference; lastKnownFileType = sourcecode.swift; path = UserService.swift; sourceTree = "<group>"; };
		114C84FA24CCA36C003DE253 /* User.swift */ = {isa = PBXFileReference; lastKnownFileType = sourcecode.swift; path = User.swift; sourceTree = "<group>"; };
		114C84FD24CCBEFE003DE253 /* UploadTweetController.swift */ = {isa = PBXFileReference; lastKnownFileType = sourcecode.swift; path = UploadTweetController.swift; sourceTree = "<group>"; };
		114C84FF24CCE2E9003DE253 /* CaptionTextView.swift */ = {isa = PBXFileReference; lastKnownFileType = sourcecode.swift; path = CaptionTextView.swift; sourceTree = "<group>"; };
		114C850124CD5174003DE253 /* TweetService.swift */ = {isa = PBXFileReference; lastKnownFileType = sourcecode.swift; path = TweetService.swift; sourceTree = "<group>"; };
		114C850324CD57FC003DE253 /* Tweet.swift */ = {isa = PBXFileReference; lastKnownFileType = sourcecode.swift; path = Tweet.swift; sourceTree = "<group>"; };
		114C850524CDF8E8003DE253 /* TweetCell.swift */ = {isa = PBXFileReference; lastKnownFileType = sourcecode.swift; path = TweetCell.swift; sourceTree = "<group>"; };
		114C850724CE1347003DE253 /* TweetViewModel.swift */ = {isa = PBXFileReference; lastKnownFileType = sourcecode.swift; path = TweetViewModel.swift; sourceTree = "<group>"; };
		117EEC2F24B683F00063A8B5 /* Extensions.swift */ = {isa = PBXFileReference; fileEncoding = 4; lastKnownFileType = sourcecode.swift; name = Extensions.swift; path = ../../../../Downloads/Extensions.swift; sourceTree = "<group>"; };
		117EEC3224B688F80063A8B5 /* LoginController.swift */ = {isa = PBXFileReference; lastKnownFileType = sourcecode.swift; path = LoginController.swift; sourceTree = "<group>"; };
		117EEC3424B689550063A8B5 /* RegistrationController.swift */ = {isa = PBXFileReference; lastKnownFileType = sourcecode.swift; path = RegistrationController.swift; sourceTree = "<group>"; };
		117EEC3624B6AEFD0063A8B5 /* Utilities.swift */ = {isa = PBXFileReference; lastKnownFileType = sourcecode.swift; path = Utilities.swift; sourceTree = "<group>"; };
		1192A4F124B1839D00A5626F /* Twitter iOS 13.app */ = {isa = PBXFileReference; explicitFileType = wrapper.application; includeInIndex = 0; path = "Twitter iOS 13.app"; sourceTree = BUILT_PRODUCTS_DIR; };
		1192A4F424B1839D00A5626F /* AppDelegate.swift */ = {isa = PBXFileReference; lastKnownFileType = sourcecode.swift; path = AppDelegate.swift; sourceTree = "<group>"; };
		1192A4F624B1839D00A5626F /* SceneDelegate.swift */ = {isa = PBXFileReference; lastKnownFileType = sourcecode.swift; path = SceneDelegate.swift; sourceTree = "<group>"; };
		1192A4FB24B1839D00A5626F /* Base */ = {isa = PBXFileReference; lastKnownFileType = file.storyboard; name = Base; path = Base.lproj/Main.storyboard; sourceTree = "<group>"; };
		1192A4FE24B1839D00A5626F /* Twitter_iOS_13.xcdatamodel */ = {isa = PBXFileReference; lastKnownFileType = wrapper.xcdatamodel; path = Twitter_iOS_13.xcdatamodel; sourceTree = "<group>"; };
		1192A50324B1839F00A5626F /* Base */ = {isa = PBXFileReference; lastKnownFileType = file.storyboard; name = Base; path = Base.lproj/LaunchScreen.storyboard; sourceTree = "<group>"; };
		1192A50524B1839F00A5626F /* Info.plist */ = {isa = PBXFileReference; lastKnownFileType = text.plist.xml; path = Info.plist; sourceTree = "<group>"; };
		1192A51024B1853E00A5626F /* MainTabController.swift */ = {isa = PBXFileReference; lastKnownFileType = sourcecode.swift; path = MainTabController.swift; sourceTree = "<group>"; };
		1192A51824B1AD7E00A5626F /* FeedController.swift */ = {isa = PBXFileReference; lastKnownFileType = sourcecode.swift; path = FeedController.swift; sourceTree = "<group>"; };
		1192A51A24B1ADB200A5626F /* ExploreController.swift */ = {isa = PBXFileReference; lastKnownFileType = sourcecode.swift; path = ExploreController.swift; sourceTree = "<group>"; };
		1192A51C24B1ADBB00A5626F /* NotificationsController.swift */ = {isa = PBXFileReference; lastKnownFileType = sourcecode.swift; path = NotificationsController.swift; sourceTree = "<group>"; };
		1192A51E24B1ADCE00A5626F /* ConversationsController.swift */ = {isa = PBXFileReference; lastKnownFileType = sourcecode.swift; path = ConversationsController.swift; sourceTree = "<group>"; };
		1192A52024B1AEE100A5626F /* Assets.xcassets */ = {isa = PBXFileReference; lastKnownFileType = folder.assetcatalog; path = Assets.xcassets; sourceTree = "<group>"; };
		11A5ECB024CE3F9200C41A3C /* ProfileController.swift */ = {isa = PBXFileReference; lastKnownFileType = sourcecode.swift; path = ProfileController.swift; sourceTree = "<group>"; };
		11A5ECB224CE97A900C41A3C /* ProfileHeader.swift */ = {isa = PBXFileReference; lastKnownFileType = sourcecode.swift; path = ProfileHeader.swift; sourceTree = "<group>"; };
		11A5ECB424CF6C0C00C41A3C /* ProfileFilterView.swift */ = {isa = PBXFileReference; lastKnownFileType = sourcecode.swift; path = ProfileFilterView.swift; sourceTree = "<group>"; };
		11A5ECB624CF6EF200C41A3C /* ProfileFilterCell.swift */ = {isa = PBXFileReference; lastKnownFileType = sourcecode.swift; path = ProfileFilterCell.swift; sourceTree = "<group>"; };
		11A5ECB824CF7E9F00C41A3C /* ProfileHeaderViewModel.swift */ = {isa = PBXFileReference; lastKnownFileType = sourcecode.swift; path = ProfileHeaderViewModel.swift; sourceTree = "<group>"; };
		11A5ECEB24D0BF9E00C41A3C /* UserCell.swift */ = {isa = PBXFileReference; lastKnownFileType = sourcecode.swift; path = UserCell.swift; sourceTree = "<group>"; };
		11A5ECEF24D1EA1300C41A3C /* TweetController.swift */ = {isa = PBXFileReference; lastKnownFileType = sourcecode.swift; path = TweetController.swift; sourceTree = "<group>"; };
		11A5ECF124D1EBB000C41A3C /* TweetHeader.swift */ = {isa = PBXFileReference; lastKnownFileType = sourcecode.swift; path = TweetHeader.swift; sourceTree = "<group>"; };
		11A5ECF324D24D6100C41A3C /* UploadTweetViewModel.swift */ = {isa = PBXFileReference; lastKnownFileType = sourcecode.swift; path = UploadTweetViewModel.swift; sourceTree = "<group>"; };
		1CE2AF6A22BC850D5F77B140 /* Pods-Twitter iOS 13.debug.xcconfig */ = {isa = PBXFileReference; includeInIndex = 1; lastKnownFileType = text.xcconfig; name = "Pods-Twitter iOS 13.debug.xcconfig"; path = "Target Support Files/Pods-Twitter iOS 13/Pods-Twitter iOS 13.debug.xcconfig"; sourceTree = "<group>"; };
		4822BA6C86FAD82DFFDD8375 /* Pods-Twitter iOS 13.release.xcconfig */ = {isa = PBXFileReference; includeInIndex = 1; lastKnownFileType = text.xcconfig; name = "Pods-Twitter iOS 13.release.xcconfig"; path = "Target Support Files/Pods-Twitter iOS 13/Pods-Twitter iOS 13.release.xcconfig"; sourceTree = "<group>"; };
		B8494C8DEE7B365A29F66D08 /* Pods_Twitter_iOS_13.framework */ = {isa = PBXFileReference; explicitFileType = wrapper.framework; includeInIndex = 0; path = Pods_Twitter_iOS_13.framework; sourceTree = BUILT_PRODUCTS_DIR; };
/* End PBXFileReference section */

/* Begin PBXFrameworksBuildPhase section */
		1192A4EE24B1839D00A5626F /* Frameworks */ = {
			isa = PBXFrameworksBuildPhase;
			buildActionMask = 2147483647;
			files = (
				36D1CCCAA7631C0103B5C19F /* Pods_Twitter_iOS_13.framework in Frameworks */,
			);
			runOnlyForDeploymentPostprocessing = 0;
		};
/* End PBXFrameworksBuildPhase section */

/* Begin PBXGroup section */
		114C84FC24CCA537003DE253 /* View */ = {
			isa = PBXGroup;
			children = (
				114C84FF24CCE2E9003DE253 /* CaptionTextView.swift */,
				114C850524CDF8E8003DE253 /* TweetCell.swift */,
				11A5ECB224CE97A900C41A3C /* ProfileHeader.swift */,
				11A5ECB424CF6C0C00C41A3C /* ProfileFilterView.swift */,
				11A5ECB624CF6EF200C41A3C /* ProfileFilterCell.swift */,
				11A5ECEB24D0BF9E00C41A3C /* UserCell.swift */,
				11A5ECF124D1EBB000C41A3C /* TweetHeader.swift */,
			);
			path = View;
			sourceTree = "<group>";
		};
		117EEC3124B688DC0063A8B5 /* Authentication */ = {
			isa = PBXGroup;
			children = (
				117EEC3224B688F80063A8B5 /* LoginController.swift */,
				117EEC3424B689550063A8B5 /* RegistrationController.swift */,
			);
			path = Authentication;
			sourceTree = "<group>";
		};
		1192A4E824B1839D00A5626F = {
			isa = PBXGroup;
			children = (
				1192A4F324B1839D00A5626F /* Twitter iOS 13 */,
				1192A4F224B1839D00A5626F /* Products */,
				84958139ECCCF9B411165EA7 /* Pods */,
				B45E50B00A9CBFD814B6C84A /* Frameworks */,
			);
			sourceTree = "<group>";
		};
		1192A4F224B1839D00A5626F /* Products */ = {
			isa = PBXGroup;
			children = (
				1192A4F124B1839D00A5626F /* Twitter iOS 13.app */,
			);
			name = Products;
			sourceTree = "<group>";
		};
		1192A4F324B1839D00A5626F /* Twitter iOS 13 */ = {
			isa = PBXGroup;
			children = (
				1192A50D24B183DD00A5626F /* Model */,
				114C84FC24CCA537003DE253 /* View */,
				1192A50C24B183DA00A5626F /* ViewModel */,
				1192A50B24B183C900A5626F /* Controller */,
				1192A50E24B1849B00A5626F /* API */,
				1192A50F24B1849D00A5626F /* Utils */,
				1192A4F424B1839D00A5626F /* AppDelegate.swift */,
				1192A4F624B1839D00A5626F /* SceneDelegate.swift */,
				1192A4FA24B1839D00A5626F /* Main.storyboard */,
				1192A52024B1AEE100A5626F /* Assets.xcassets */,
				1192A50224B1839F00A5626F /* LaunchScreen.storyboard */,
				114C84F224CBBCAD003DE253 /* GoogleService-Info.plist */,
				1192A50524B1839F00A5626F /* Info.plist */,
				1192A4FD24B1839D00A5626F /* Twitter_iOS_13.xcdatamodeld */,
			);
			path = "Twitter iOS 13";
			sourceTree = "<group>";
		};
		1192A50B24B183C900A5626F /* Controller */ = {
			isa = PBXGroup;
			children = (
				117EEC3124B688DC0063A8B5 /* Authentication */,
				1192A51024B1853E00A5626F /* MainTabController.swift */,
				1192A51824B1AD7E00A5626F /* FeedController.swift */,
				1192A51A24B1ADB200A5626F /* ExploreController.swift */,
				1192A51C24B1ADBB00A5626F /* NotificationsController.swift */,
				1192A51E24B1ADCE00A5626F /* ConversationsController.swift */,
				114C84FD24CCBEFE003DE253 /* UploadTweetController.swift */,
				11A5ECB024CE3F9200C41A3C /* ProfileController.swift */,
				11A5ECEF24D1EA1300C41A3C /* TweetController.swift */,
			);
			path = Controller;
			sourceTree = "<group>";
		};
		1192A50C24B183DA00A5626F /* ViewModel */ = {
			isa = PBXGroup;
			children = (
				114C850724CE1347003DE253 /* TweetViewModel.swift */,
				11A5ECB824CF7E9F00C41A3C /* ProfileHeaderViewModel.swift */,
				11A5ECF324D24D6100C41A3C /* UploadTweetViewModel.swift */,
			);
			path = ViewModel;
			sourceTree = "<group>";
		};
		1192A50D24B183DD00A5626F /* Model */ = {
			isa = PBXGroup;
			children = (
				114C84FA24CCA36C003DE253 /* User.swift */,
				114C850324CD57FC003DE253 /* Tweet.swift */,
			);
			path = Model;
			sourceTree = "<group>";
		};
		1192A50E24B1849B00A5626F /* API */ = {
			isa = PBXGroup;
			children = (
				114C84F624CC07D2003DE253 /* AuthService.swift */,
				114C84F824CCA039003DE253 /* UserService.swift */,
				114C850124CD5174003DE253 /* TweetService.swift */,
			);
			path = API;
			sourceTree = "<group>";
		};
		1192A50F24B1849D00A5626F /* Utils */ = {
			isa = PBXGroup;
			children = (
				117EEC2F24B683F00063A8B5 /* Extensions.swift */,
				117EEC3624B6AEFD0063A8B5 /* Utilities.swift */,
				114C84F424CC0309003DE253 /* Constants.swift */,
			);
			path = Utils;
			sourceTree = "<group>";
		};
		84958139ECCCF9B411165EA7 /* Pods */ = {
			isa = PBXGroup;
			children = (
				1CE2AF6A22BC850D5F77B140 /* Pods-Twitter iOS 13.debug.xcconfig */,
				4822BA6C86FAD82DFFDD8375 /* Pods-Twitter iOS 13.release.xcconfig */,
			);
			path = Pods;
			sourceTree = "<group>";
		};
		B45E50B00A9CBFD814B6C84A /* Frameworks */ = {
			isa = PBXGroup;
			children = (
				B8494C8DEE7B365A29F66D08 /* Pods_Twitter_iOS_13.framework */,
			);
			name = Frameworks;
			sourceTree = "<group>";
		};
/* End PBXGroup section */

/* Begin PBXNativeTarget section */
		1192A4F024B1839D00A5626F /* Twitter iOS 13 */ = {
			isa = PBXNativeTarget;
			buildConfigurationList = 1192A50824B1839F00A5626F /* Build configuration list for PBXNativeTarget "Twitter iOS 13" */;
			buildPhases = (
				CAD8AFA512A6DD23DA691D5B /* [CP] Check Pods Manifest.lock */,
				1192A4ED24B1839D00A5626F /* Sources */,
				1192A4EE24B1839D00A5626F /* Frameworks */,
				1192A4EF24B1839D00A5626F /* Resources */,
				4C1B4B847578403C6A1ADD41 /* [CP] Embed Pods Frameworks */,
			);
			buildRules = (
			);
			dependencies = (
			);
			name = "Twitter iOS 13";
			productName = "Twitter iOS 13";
			productReference = 1192A4F124B1839D00A5626F /* Twitter iOS 13.app */;
			productType = "com.apple.product-type.application";
		};
/* End PBXNativeTarget section */

/* Begin PBXProject section */
		1192A4E924B1839D00A5626F /* Project object */ = {
			isa = PBXProject;
			attributes = {
				LastSwiftUpdateCheck = 1150;
				LastUpgradeCheck = 1150;
				ORGANIZATIONNAME = "Stanley Traub";
				TargetAttributes = {
					1192A4F024B1839D00A5626F = {
						CreatedOnToolsVersion = 11.5;
					};
				};
			};
			buildConfigurationList = 1192A4EC24B1839D00A5626F /* Build configuration list for PBXProject "Twitter iOS 13" */;
			compatibilityVersion = "Xcode 9.3";
			developmentRegion = en;
			hasScannedForEncodings = 0;
			knownRegions = (
				en,
				Base,
			);
			mainGroup = 1192A4E824B1839D00A5626F;
			productRefGroup = 1192A4F224B1839D00A5626F /* Products */;
			projectDirPath = "";
			projectRoot = "";
			targets = (
				1192A4F024B1839D00A5626F /* Twitter iOS 13 */,
			);
		};
/* End PBXProject section */

/* Begin PBXResourcesBuildPhase section */
		1192A4EF24B1839D00A5626F /* Resources */ = {
			isa = PBXResourcesBuildPhase;
			buildActionMask = 2147483647;
			files = (
				1192A50424B1839F00A5626F /* LaunchScreen.storyboard in Resources */,
				114C84F324CBBCAD003DE253 /* GoogleService-Info.plist in Resources */,
				1192A52124B1AEE100A5626F /* Assets.xcassets in Resources */,
				1192A4FC24B1839D00A5626F /* Main.storyboard in Resources */,
			);
			runOnlyForDeploymentPostprocessing = 0;
		};
/* End PBXResourcesBuildPhase section */

/* Begin PBXShellScriptBuildPhase section */
		4C1B4B847578403C6A1ADD41 /* [CP] Embed Pods Frameworks */ = {
			isa = PBXShellScriptBuildPhase;
			buildActionMask = 2147483647;
			files = (
			);
			inputFileListPaths = (
				"${PODS_ROOT}/Target Support Files/Pods-Twitter iOS 13/Pods-Twitter iOS 13-frameworks-${CONFIGURATION}-input-files.xcfilelist",
			);
			name = "[CP] Embed Pods Frameworks";
			outputFileListPaths = (
				"${PODS_ROOT}/Target Support Files/Pods-Twitter iOS 13/Pods-Twitter iOS 13-frameworks-${CONFIGURATION}-output-files.xcfilelist",
			);
			runOnlyForDeploymentPostprocessing = 0;
			shellPath = /bin/sh;
			shellScript = "\"${PODS_ROOT}/Target Support Files/Pods-Twitter iOS 13/Pods-Twitter iOS 13-frameworks.sh\"\n";
			showEnvVarsInLog = 0;
		};
		CAD8AFA512A6DD23DA691D5B /* [CP] Check Pods Manifest.lock */ = {
			isa = PBXShellScriptBuildPhase;
			buildActionMask = 2147483647;
			files = (
			);
			inputFileListPaths = (
			);
			inputPaths = (
				"${PODS_PODFILE_DIR_PATH}/Podfile.lock",
				"${PODS_ROOT}/Manifest.lock",
			);
			name = "[CP] Check Pods Manifest.lock";
			outputFileListPaths = (
			);
			outputPaths = (
				"$(DERIVED_FILE_DIR)/Pods-Twitter iOS 13-checkManifestLockResult.txt",
			);
			runOnlyForDeploymentPostprocessing = 0;
			shellPath = /bin/sh;
			shellScript = "diff \"${PODS_PODFILE_DIR_PATH}/Podfile.lock\" \"${PODS_ROOT}/Manifest.lock\" > /dev/null\nif [ $? != 0 ] ; then\n    # print error to STDERR\n    echo \"error: The sandbox is not in sync with the Podfile.lock. Run 'pod install' or update your CocoaPods installation.\" >&2\n    exit 1\nfi\n# This output is used by Xcode 'outputs' to avoid re-running this script phase.\necho \"SUCCESS\" > \"${SCRIPT_OUTPUT_FILE_0}\"\n";
			showEnvVarsInLog = 0;
		};
/* End PBXShellScriptBuildPhase section */

/* Begin PBXSourcesBuildPhase section */
		1192A4ED24B1839D00A5626F /* Sources */ = {
			isa = PBXSourcesBuildPhase;
			buildActionMask = 2147483647;
			files = (
				1192A4F524B1839D00A5626F /* AppDelegate.swift in Sources */,
				114C850224CD5174003DE253 /* TweetService.swift in Sources */,
				1192A4F724B1839D00A5626F /* SceneDelegate.swift in Sources */,
				114C850024CCE2E9003DE253 /* CaptionTextView.swift in Sources */,
				1192A51F24B1ADCE00A5626F /* ConversationsController.swift in Sources */,
				1192A51924B1AD7E00A5626F /* FeedController.swift in Sources */,
				114C84FE24CCBEFE003DE253 /* UploadTweetController.swift in Sources */,
				114C84FB24CCA36C003DE253 /* User.swift in Sources */,
				11A5ECB524CF6C0C00C41A3C /* ProfileFilterView.swift in Sources */,
				11A5ECB324CE97A900C41A3C /* ProfileHeader.swift in Sources */,
				117EEC3024B683F00063A8B5 /* Extensions.swift in Sources */,
				11A5ECB924CF7E9F00C41A3C /* ProfileHeaderViewModel.swift in Sources */,
				11A5ECF224D1EBB000C41A3C /* TweetHeader.swift in Sources */,
				11A5ECB124CE3F9200C41A3C /* ProfileController.swift in Sources */,
				1192A51124B1853E00A5626F /* MainTabController.swift in Sources */,
				117EEC3724B6AEFD0063A8B5 /* Utilities.swift in Sources */,
				114C850424CD57FC003DE253 /* Tweet.swift in Sources */,
				11A5ECB724CF6EF200C41A3C /* ProfileFilterCell.swift in Sources */,
				114C850824CE1347003DE253 /* TweetViewModel.swift in Sources */,
				114C84F524CC0309003DE253 /* Constants.swift in Sources */,
				11A5ECF024D1EA1300C41A3C /* TweetController.swift in Sources */,
				1192A51D24B1ADBB00A5626F /* NotificationsController.swift in Sources */,
				11A5ECEC24D0BF9E00C41A3C /* UserCell.swift in Sources */,
				1192A4FF24B1839D00A5626F /* Twitter_iOS_13.xcdatamodeld in Sources */,
				114C850624CDF8E8003DE253 /* TweetCell.swift in Sources */,
				1192A51B24B1ADB200A5626F /* ExploreController.swift in Sources */,
				114C84F924CCA039003DE253 /* UserService.swift in Sources */,
				117EEC3524B689550063A8B5 /* RegistrationController.swift in Sources */,
				11A5ECF424D24D6100C41A3C /* UploadTweetViewModel.swift in Sources */,
				117EEC3324B688F80063A8B5 /* LoginController.swift in Sources */,
				114C84F724CC07D2003DE253 /* AuthService.swift in Sources */,
			);
			runOnlyForDeploymentPostprocessing = 0;
		};
/* End PBXSourcesBuildPhase section */

/* Begin PBXVariantGroup section */
		1192A4FA24B1839D00A5626F /* Main.storyboard */ = {
			isa = PBXVariantGroup;
			children = (
				1192A4FB24B1839D00A5626F /* Base */,
			);
			name = Main.storyboard;
			sourceTree = "<group>";
		};
		1192A50224B1839F00A5626F /* LaunchScreen.storyboard */ = {
			isa = PBXVariantGroup;
			children = (
				1192A50324B1839F00A5626F /* Base */,
			);
			name = LaunchScreen.storyboard;
			sourceTree = "<group>";
		};
/* End PBXVariantGroup section */

/* Begin XCBuildConfiguration section */
		1192A50624B1839F00A5626F /* Debug */ = {
			isa = XCBuildConfiguration;
			buildSettings = {
				ALWAYS_SEARCH_USER_PATHS = NO;
				CLANG_ANALYZER_NONNULL = YES;
				CLANG_ANALYZER_NUMBER_OBJECT_CONVERSION = YES_AGGRESSIVE;
				CLANG_CXX_LANGUAGE_STANDARD = "gnu++14";
				CLANG_CXX_LIBRARY = "libc++";
				CLANG_ENABLE_MODULES = YES;
				CLANG_ENABLE_OBJC_ARC = YES;
				CLANG_ENABLE_OBJC_WEAK = YES;
				CLANG_WARN_BLOCK_CAPTURE_AUTORELEASING = YES;
				CLANG_WARN_BOOL_CONVERSION = YES;
				CLANG_WARN_COMMA = YES;
				CLANG_WARN_CONSTANT_CONVERSION = YES;
				CLANG_WARN_DEPRECATED_OBJC_IMPLEMENTATIONS = YES;
				CLANG_WARN_DIRECT_OBJC_ISA_USAGE = YES_ERROR;
				CLANG_WARN_DOCUMENTATION_COMMENTS = YES;
				CLANG_WARN_EMPTY_BODY = YES;
				CLANG_WARN_ENUM_CONVERSION = YES;
				CLANG_WARN_INFINITE_RECURSION = YES;
				CLANG_WARN_INT_CONVERSION = YES;
				CLANG_WARN_NON_LITERAL_NULL_CONVERSION = YES;
				CLANG_WARN_OBJC_IMPLICIT_RETAIN_SELF = YES;
				CLANG_WARN_OBJC_LITERAL_CONVERSION = YES;
				CLANG_WARN_OBJC_ROOT_CLASS = YES_ERROR;
				CLANG_WARN_RANGE_LOOP_ANALYSIS = YES;
				CLANG_WARN_STRICT_PROTOTYPES = YES;
				CLANG_WARN_SUSPICIOUS_MOVE = YES;
				CLANG_WARN_UNGUARDED_AVAILABILITY = YES_AGGRESSIVE;
				CLANG_WARN_UNREACHABLE_CODE = YES;
				CLANG_WARN__DUPLICATE_METHOD_MATCH = YES;
				COPY_PHASE_STRIP = NO;
				DEBUG_INFORMATION_FORMAT = dwarf;
				ENABLE_STRICT_OBJC_MSGSEND = YES;
				ENABLE_TESTABILITY = YES;
				GCC_C_LANGUAGE_STANDARD = gnu11;
				GCC_DYNAMIC_NO_PIC = NO;
				GCC_NO_COMMON_BLOCKS = YES;
				GCC_OPTIMIZATION_LEVEL = 0;
				GCC_PREPROCESSOR_DEFINITIONS = (
					"DEBUG=1",
					"$(inherited)",
				);
				GCC_WARN_64_TO_32_BIT_CONVERSION = YES;
				GCC_WARN_ABOUT_RETURN_TYPE = YES_ERROR;
				GCC_WARN_UNDECLARED_SELECTOR = YES;
				GCC_WARN_UNINITIALIZED_AUTOS = YES_AGGRESSIVE;
				GCC_WARN_UNUSED_FUNCTION = YES;
				GCC_WARN_UNUSED_VARIABLE = YES;
				IPHONEOS_DEPLOYMENT_TARGET = 13.5;
				MTL_ENABLE_DEBUG_INFO = INCLUDE_SOURCE;
				MTL_FAST_MATH = YES;
				ONLY_ACTIVE_ARCH = YES;
				SDKROOT = iphoneos;
				SWIFT_ACTIVE_COMPILATION_CONDITIONS = DEBUG;
				SWIFT_OPTIMIZATION_LEVEL = "-Onone";
			};
			name = Debug;
		};
		1192A50724B1839F00A5626F /* Release */ = {
			isa = XCBuildConfiguration;
			buildSettings = {
				ALWAYS_SEARCH_USER_PATHS = NO;
				CLANG_ANALYZER_NONNULL = YES;
				CLANG_ANALYZER_NUMBER_OBJECT_CONVERSION = YES_AGGRESSIVE;
				CLANG_CXX_LANGUAGE_STANDARD = "gnu++14";
				CLANG_CXX_LIBRARY = "libc++";
				CLANG_ENABLE_MODULES = YES;
				CLANG_ENABLE_OBJC_ARC = YES;
				CLANG_ENABLE_OBJC_WEAK = YES;
				CLANG_WARN_BLOCK_CAPTURE_AUTORELEASING = YES;
				CLANG_WARN_BOOL_CONVERSION = YES;
				CLANG_WARN_COMMA = YES;
				CLANG_WARN_CONSTANT_CONVERSION = YES;
				CLANG_WARN_DEPRECATED_OBJC_IMPLEMENTATIONS = YES;
				CLANG_WARN_DIRECT_OBJC_ISA_USAGE = YES_ERROR;
				CLANG_WARN_DOCUMENTATION_COMMENTS = YES;
				CLANG_WARN_EMPTY_BODY = YES;
				CLANG_WARN_ENUM_CONVERSION = YES;
				CLANG_WARN_INFINITE_RECURSION = YES;
				CLANG_WARN_INT_CONVERSION = YES;
				CLANG_WARN_NON_LITERAL_NULL_CONVERSION = YES;
				CLANG_WARN_OBJC_IMPLICIT_RETAIN_SELF = YES;
				CLANG_WARN_OBJC_LITERAL_CONVERSION = YES;
				CLANG_WARN_OBJC_ROOT_CLASS = YES_ERROR;
				CLANG_WARN_RANGE_LOOP_ANALYSIS = YES;
				CLANG_WARN_STRICT_PROTOTYPES = YES;
				CLANG_WARN_SUSPICIOUS_MOVE = YES;
				CLANG_WARN_UNGUARDED_AVAILABILITY = YES_AGGRESSIVE;
				CLANG_WARN_UNREACHABLE_CODE = YES;
				CLANG_WARN__DUPLICATE_METHOD_MATCH = YES;
				COPY_PHASE_STRIP = NO;
				DEBUG_INFORMATION_FORMAT = "dwarf-with-dsym";
				ENABLE_NS_ASSERTIONS = NO;
				ENABLE_STRICT_OBJC_MSGSEND = YES;
				GCC_C_LANGUAGE_STANDARD = gnu11;
				GCC_NO_COMMON_BLOCKS = YES;
				GCC_WARN_64_TO_32_BIT_CONVERSION = YES;
				GCC_WARN_ABOUT_RETURN_TYPE = YES_ERROR;
				GCC_WARN_UNDECLARED_SELECTOR = YES;
				GCC_WARN_UNINITIALIZED_AUTOS = YES_AGGRESSIVE;
				GCC_WARN_UNUSED_FUNCTION = YES;
				GCC_WARN_UNUSED_VARIABLE = YES;
				IPHONEOS_DEPLOYMENT_TARGET = 13.5;
				MTL_ENABLE_DEBUG_INFO = NO;
				MTL_FAST_MATH = YES;
				SDKROOT = iphoneos;
				SWIFT_COMPILATION_MODE = wholemodule;
				SWIFT_OPTIMIZATION_LEVEL = "-O";
				VALIDATE_PRODUCT = YES;
			};
			name = Release;
		};
		1192A50924B1839F00A5626F /* Debug */ = {
			isa = XCBuildConfiguration;
			baseConfigurationReference = 1CE2AF6A22BC850D5F77B140 /* Pods-Twitter iOS 13.debug.xcconfig */;
			buildSettings = {
				ASSETCATALOG_COMPILER_APPICON_NAME = AppIcon;
				CODE_SIGN_STYLE = Automatic;
				DEVELOPMENT_TEAM = N8Z6DLFKLR;
				INFOPLIST_FILE = "Twitter iOS 13/Info.plist";
				LD_RUNPATH_SEARCH_PATHS = (
					"$(inherited)",
					"@executable_path/Frameworks",
				);
				PRODUCT_BUNDLE_IDENTIFIER = "com.stanleytraub.Twitter-iOS-13";
				PRODUCT_NAME = "$(TARGET_NAME)";
				SWIFT_VERSION = 5.0;
				TARGETED_DEVICE_FAMILY = "1,2";
			};
			name = Debug;
		};
		1192A50A24B1839F00A5626F /* Release */ = {
			isa = XCBuildConfiguration;
			baseConfigurationReference = 4822BA6C86FAD82DFFDD8375 /* Pods-Twitter iOS 13.release.xcconfig */;
			buildSettings = {
				ASSETCATALOG_COMPILER_APPICON_NAME = AppIcon;
				CODE_SIGN_STYLE = Automatic;
				DEVELOPMENT_TEAM = N8Z6DLFKLR;
				INFOPLIST_FILE = "Twitter iOS 13/Info.plist";
				LD_RUNPATH_SEARCH_PATHS = (
					"$(inherited)",
					"@executable_path/Frameworks",
				);
				PRODUCT_BUNDLE_IDENTIFIER = "com.stanleytraub.Twitter-iOS-13";
				PRODUCT_NAME = "$(TARGET_NAME)";
				SWIFT_VERSION = 5.0;
				TARGETED_DEVICE_FAMILY = "1,2";
			};
			name = Release;
		};
/* End XCBuildConfiguration section */

/* Begin XCConfigurationList section */
		1192A4EC24B1839D00A5626F /* Build configuration list for PBXProject "Twitter iOS 13" */ = {
			isa = XCConfigurationList;
			buildConfigurations = (
				1192A50624B1839F00A5626F /* Debug */,
				1192A50724B1839F00A5626F /* Release */,
			);
			defaultConfigurationIsVisible = 0;
			defaultConfigurationName = Release;
		};
		1192A50824B1839F00A5626F /* Build configuration list for PBXNativeTarget "Twitter iOS 13" */ = {
			isa = XCConfigurationList;
			buildConfigurations = (
				1192A50924B1839F00A5626F /* Debug */,
				1192A50A24B1839F00A5626F /* Release */,
			);
			defaultConfigurationIsVisible = 0;
			defaultConfigurationName = Release;
		};
/* End XCConfigurationList section */

/* Begin XCVersionGroup section */
		1192A4FD24B1839D00A5626F /* Twitter_iOS_13.xcdatamodeld */ = {
			isa = XCVersionGroup;
			children = (
				1192A4FE24B1839D00A5626F /* Twitter_iOS_13.xcdatamodel */,
			);
			currentVersion = 1192A4FE24B1839D00A5626F /* Twitter_iOS_13.xcdatamodel */;
			path = Twitter_iOS_13.xcdatamodeld;
			sourceTree = "<group>";
			versionGroupType = wrapper.xcdatamodel;
		};
/* End XCVersionGroup section */
	};
	rootObject = 1192A4E924B1839D00A5626F /* Project object */;
}
